
Microsoft Visual Studio Solution File, Format Version 12.00
# Visual Studio 2013
VisualStudioVersion = 12.0.31101.0
MinimumVisualStudioVersion = 10.0.40219.1
Project("{FAE04EC0-301F-11D3-BF4B-00C04F79EFBC}") = "Francescas.WeeklyScheduler", "Francescas.WeeklyScheduler\Francescas.WeeklyScheduler.csproj", "{2ABDA055-77C0-4D05-8DD6-514A8504672B}"
EndProject
Global
	GlobalSection(TeamFoundationVersionControl) = preSolution
		SccNumberOfProjects = 2
		SccEnterpriseProvider = {4CA58AB2-18FA-4F8D-95D4-32DDF27D184C}
		SccTeamFoundationServer = https://tfs.sparkhound.com/tfs/sparkhound
		SccLocalPath0 = .
		SccProjectUniqueName1 = Francescas.WeeklyScheduler\\Francescas.WeeklyScheduler.csproj
		SccProjectName1 = Francescas.WeeklyScheduler
		SccLocalPath1 = Francescas.WeeklyScheduler
	EndGlobalSection
	GlobalSection(SolutionConfigurationPlatforms) = preSolution
		Debug|Any CPU = Debug|Any CPU
		Release|Any CPU = Release|Any CPU
	EndGlobalSection
	GlobalSection(ProjectConfigurationPlatforms) = postSolution
		{2ABDA055-77C0-4D05-8DD6-514A8504672B}.Debug|Any CPU.ActiveCfg = Debug|Any CPU
		{2ABDA055-77C0-4D05-8DD6-514A8504672B}.Debug|Any CPU.Build.0 = Debug|Any CPU
		{2ABDA055-77C0-4D05-8DD6-514A8504672B}.Release|Any CPU.ActiveCfg = Release|Any CPU
		{2ABDA055-77C0-4D05-8DD6-514A8504672B}.Release|Any CPU.Build.0 = Release|Any CPU
	EndGlobalSection
	GlobalSection(SolutionProperties) = preSolution
		HideSolutionNode = FALSE
	EndGlobalSection
EndGlobal
